// !$*UTF8*$!
{
	archiveVersion = 1;
	classes = {
	};
	objectVersion = 46;
	objects = {

/* Begin PBXBuildFile section */
		FB6669111DE2907200EEAE56 /* AppDelegate.swift in Sources */ = {isa = PBXBuildFile; fileRef = FB6669101DE2907200EEAE56 /* AppDelegate.swift */; };
		FB6669161DE2907200EEAE56 /* Main.storyboard in Resources */ = {isa = PBXBuildFile; fileRef = FB6669141DE2907200EEAE56 /* Main.storyboard */; };
		FB6669181DE2907200EEAE56 /* Assets.xcassets in Resources */ = {isa = PBXBuildFile; fileRef = FB6669171DE2907200EEAE56 /* Assets.xcassets */; };
		FB66691B1DE2907200EEAE56 /* LaunchScreen.storyboard in Resources */ = {isa = PBXBuildFile; fileRef = FB6669191DE2907200EEAE56 /* LaunchScreen.storyboard */; };
		FB6669231DE290C800EEAE56 /* ItemsViewController.swift in Sources */ = {isa = PBXBuildFile; fileRef = FB6669221DE290C800EEAE56 /* ItemsViewController.swift */; };
		FB6669251DE2910900EEAE56 /* Item.swift in Sources */ = {isa = PBXBuildFile; fileRef = FB6669241DE2910900EEAE56 /* Item.swift */; };
		FB6669271DE292BC00EEAE56 /* ItemStore.swift in Sources */ = {isa = PBXBuildFile; fileRef = FB6669261DE292BC00EEAE56 /* ItemStore.swift */; };
		FB6669291DE2A26D00EEAE56 /* ItemCell.swift in Sources */ = {isa = PBXBuildFile; fileRef = FB6669281DE2A26D00EEAE56 /* ItemCell.swift */; };
		FB66692B1DE2AE2900EEAE56 /* DetailViewController.swift in Sources */ = {isa = PBXBuildFile; fileRef = FB66692A1DE2AE2800EEAE56 /* DetailViewController.swift */; };
/* End PBXBuildFile section */

/* Begin PBXFileReference section */
		FB66690D1DE2907200EEAE56 /* Homepwner2.app */ = {isa = PBXFileReference; explicitFileType = wrapper.application; includeInIndex = 0; path = Homepwner2.app; sourceTree = BUILT_PRODUCTS_DIR; };
		FB6669101DE2907200EEAE56 /* AppDelegate.swift */ = {isa = PBXFileReference; lastKnownFileType = sourcecode.swift; path = AppDelegate.swift; sourceTree = "<group>"; };
		FB6669151DE2907200EEAE56 /* Base */ = {isa = PBXFileReference; lastKnownFileType = file.storyboard; name = Base; path = Base.lproj/Main.storyboard; sourceTree = "<group>"; };
		FB6669171DE2907200EEAE56 /* Assets.xcassets */ = {isa = PBXFileReference; lastKnownFileType = folder.assetcatalog; path = Assets.xcassets; sourceTree = "<group>"; };
		FB66691A1DE2907200EEAE56 /* Base */ = {isa = PBXFileReference; lastKnownFileType = file.storyboard; name = Base; path = Base.lproj/LaunchScreen.storyboard; sourceTree = "<group>"; };
		FB66691C1DE2907200EEAE56 /* Info.plist */ = {isa = PBXFileReference; lastKnownFileType = text.plist.xml; path = Info.plist; sourceTree = "<group>"; };
		FB6669221DE290C800EEAE56 /* ItemsViewController.swift */ = {isa = PBXFileReference; fileEncoding = 4; lastKnownFileType = sourcecode.swift; path = ItemsViewController.swift; sourceTree = "<group>"; };
		FB6669241DE2910900EEAE56 /* Item.swift */ = {isa = PBXFileReference; fileEncoding = 4; lastKnownFileType = sourcecode.swift; path = Item.swift; sourceTree = "<group>"; };
		FB6669261DE292BC00EEAE56 /* ItemStore.swift */ = {isa = PBXFileReference; fileEncoding = 4; lastKnownFileType = sourcecode.swift; path = ItemStore.swift; sourceTree = "<group>"; };
		FB6669281DE2A26D00EEAE56 /* ItemCell.swift */ = {isa = PBXFileReference; fileEncoding = 4; lastKnownFileType = sourcecode.swift; path = ItemCell.swift; sourceTree = "<group>"; };
		FB66692A1DE2AE2800EEAE56 /* DetailViewController.swift */ = {isa = PBXFileReference; fileEncoding = 4; lastKnownFileType = sourcecode.swift; path = DetailViewController.swift; sourceTree = "<group>"; };
/* End PBXFileReference section */

/* Begin PBXFrameworksBuildPhase section */
		FB66690A1DE2907200EEAE56 /* Frameworks */ = {
			isa = PBXFrameworksBuildPhase;
			buildActionMask = 2147483647;
			files = (
			);
			runOnlyForDeploymentPostprocessing = 0;
		};
/* End PBXFrameworksBuildPhase section */

/* Begin PBXGroup section */
		FB6669041DE2907200EEAE56 = {
			isa = PBXGroup;
			children = (
				FB66690F1DE2907200EEAE56 /* Homepwner2 */,
				FB66690E1DE2907200EEAE56 /* Products */,
			);
			sourceTree = "<group>";
		};
		FB66690E1DE2907200EEAE56 /* Products */ = {
			isa = PBXGroup;
			children = (
				FB66690D1DE2907200EEAE56 /* Homepwner2.app */,
			);
			name = Products;
			sourceTree = "<group>";
		};
		FB66690F1DE2907200EEAE56 /* Homepwner2 */ = {
			isa = PBXGroup;
			children = (
				FB6669101DE2907200EEAE56 /* AppDelegate.swift */,
				FB6669141DE2907200EEAE56 /* Main.storyboard */,
				FB66692A1DE2AE2800EEAE56 /* DetailViewController.swift */,
				FB6669281DE2A26D00EEAE56 /* ItemCell.swift */,
				FB6669221DE290C800EEAE56 /* ItemsViewController.swift */,
				FB6669241DE2910900EEAE56 /* Item.swift */,
				FB6669261DE292BC00EEAE56 /* ItemStore.swift */,
				FB6669171DE2907200EEAE56 /* Assets.xcassets */,
				FB6669191DE2907200EEAE56 /* LaunchScreen.storyboard */,
				FB66691C1DE2907200EEAE56 /* Info.plist */,
			);
			path = Homepwner2;
			sourceTree = "<group>";
		};
/* End PBXGroup section */

/* Begin PBXNativeTarget section */
		FB66690C1DE2907200EEAE56 /* Homepwner2 */ = {
			isa = PBXNativeTarget;
			buildConfigurationList = FB66691F1DE2907200EEAE56 /* Build configuration list for PBXNativeTarget "Homepwner2" */;
			buildPhases = (
				FB6669091DE2907200EEAE56 /* Sources */,
				FB66690A1DE2907200EEAE56 /* Frameworks */,
				FB66690B1DE2907200EEAE56 /* Resources */,
			);
			buildRules = (
			);
			dependencies = (
			);
			name = Homepwner2;
			productName = Homepwner2;
			productReference = FB66690D1DE2907200EEAE56 /* Homepwner2.app */;
			productType = "com.apple.product-type.application";
		};
/* End PBXNativeTarget section */

/* Begin PBXProject section */
		FB6669051DE2907200EEAE56 /* Project object */ = {
			isa = PBXProject;
			attributes = {
				LastSwiftUpdateCheck = 0800;
				LastUpgradeCheck = 0800;
				ORGANIZATIONNAME = "Jonathan J. Lee";
				TargetAttributes = {
					FB66690C1DE2907200EEAE56 = {
						CreatedOnToolsVersion = 8.0;
						ProvisioningStyle = Automatic;
					};
				};
			};
			buildConfigurationList = FB6669081DE2907200EEAE56 /* Build configuration list for PBXProject "Homepwner2" */;
			compatibilityVersion = "Xcode 3.2";
			developmentRegion = English;
			hasScannedForEncodings = 0;
			knownRegions = (
				en,
				Base,
			);
			mainGroup = FB6669041DE2907200EEAE56;
			productRefGroup = FB66690E1DE2907200EEAE56 /* Products */;
			projectDirPath = "";
			projectRoot = "";
			targets = (
				FB66690C1DE2907200EEAE56 /* Homepwner2 */,
			);
		};
/* End PBXProject section */

/* Begin PBXResourcesBuildPhase section */
		FB66690B1DE2907200EEAE56 /* Resources */ = {
			isa = PBXResourcesBuildPhase;
			buildActionMask = 2147483647;
			files = (
				FB66691B1DE2907200EEAE56 /* LaunchScreen.storyboard in Resources */,
				FB6669181DE2907200EEAE56 /* Assets.xcassets in Resources */,
				FB6669161DE2907200EEAE56 /* Main.storyboard in Resources */,
			);
			runOnlyForDeploymentPostprocessing = 0;
		};
/* End PBXResourcesBuildPhase section */

/* Begin PBXSourcesBuildPhase section */
		FB6669091DE2907200EEAE56 /* Sources */ = {
			isa = PBXSourcesBuildPhase;
			buildActionMask = 2147483647;
			files = (
				FB6669231DE290C800EEAE56 /* ItemsViewController.swift in Sources */,
				FB6669251DE2910900EEAE56 /* Item.swift in Sources */,
				FB6669271DE292BC00EEAE56 /* ItemStore.swift in Sources */,
				FB66692B1DE2AE2900EEAE56 /* DetailViewController.swift in Sources */,
				FB6669111DE2907200EEAE56 /* AppDelegate.swift in Sources */,
				FB6669291DE2A26D00EEAE56 /* ItemCell.swift in Sources */,
			);
			runOnlyForDeploymentPostprocessing = 0;
		};
/* End PBXSourcesBuildPhase section */

/* Begin PBXVariantGroup section */
		FB6669141DE2907200EEAE56 /* Main.storyboard */ = {
			isa = PBXVariantGroup;
			children = (
				FB6669151DE2907200EEAE56 /* Base */,
			);
			name = Main.storyboard;
			sourceTree = "<group>";
		};
		FB6669191DE2907200EEAE56 /* LaunchScreen.storyboard */ = {
			isa = PBXVariantGroup;
			children = (
				FB66691A1DE2907200EEAE56 /* Base */,
			);
			name = LaunchScreen.storyboard;
			sourceTree = "<group>";
		};
/* End PBXVariantGroup section */

/* Begin XCBuildConfiguration section */
		FB66691D1DE2907200EEAE56 /* Debug */ = {
			isa = XCBuildConfiguration;
			buildSettings = {
				ALWAYS_SEARCH_USER_PATHS = NO;
				CLANG_ANALYZER_NONNULL = YES;
				CLANG_CXX_LANGUAGE_STANDARD = "gnu++0x";
				CLANG_CXX_LIBRARY = "libc++";
				CLANG_ENABLE_MODULES = YES;
				CLANG_ENABLE_OBJC_ARC = YES;
				CLANG_WARN_BOOL_CONVERSION = YES;
				CLANG_WARN_CONSTANT_CONVERSION = YES;
				CLANG_WARN_DIRECT_OBJC_ISA_USAGE = YES_ERROR;
				CLANG_WARN_DOCUMENTATION_COMMENTS = YES;
				CLANG_WARN_EMPTY_BODY = YES;
				CLANG_WARN_ENUM_CONVERSION = YES;
				CLANG_WARN_INFINITE_RECURSION = YES;
				CLANG_WARN_INT_CONVERSION = YES;
				CLANG_WARN_OBJC_ROOT_CLASS = YES_ERROR;
				CLANG_WARN_SUSPICIOUS_MOVES = YES;
				CLANG_WARN_UNREACHABLE_CODE = YES;
				CLANG_WARN__DUPLICATE_METHOD_MATCH = YES;
				"CODE_SIGN_IDENTITY[sdk=iphoneos*]" = "iPhone Developer";
				COPY_PHASE_STRIP = NO;
				DEBUG_INFORMATION_FORMAT = dwarf;
				ENABLE_STRICT_OBJC_MSGSEND = YES;
				ENABLE_TESTABILITY = YES;
				GCC_C_LANGUAGE_STANDARD = gnu99;
				GCC_DYNAMIC_NO_PIC = NO;
				GCC_NO_COMMON_BLOCKS = YES;
				GCC_OPTIMIZATION_LEVEL = 0;
				GCC_PREPROCESSOR_DEFINITIONS = (
					"DEBUG=1",
					"$(inherited)",
				);
				GCC_WARN_64_TO_32_BIT_CONVERSION = YES;
				GCC_WARN_ABOUT_RETURN_TYPE = YES_ERROR;
				GCC_WARN_UNDECLARED_SELECTOR = YES;
				GCC_WARN_UNINITIALIZED_AUTOS = YES_AGGRESSIVE;
				GCC_WARN_UNUSED_FUNCTION = YES;
				GCC_WARN_UNUSED_VARIABLE = YES;
				IPHONEOS_DEPLOYMENT_TARGET = 10.0;
				MTL_ENABLE_DEBUG_INFO = YES;
				ONLY_ACTIVE_ARCH = YES;
				SDKROOT = iphoneos;
				SWIFT_ACTIVE_COMPILATION_CONDITIONS = DEBUG;
				SWIFT_OPTIMIZATION_LEVEL = "-Onone";
				TARGETED_DEVICE_FAMILY = "1,2";
			};
			name = Debug;
		};
		FB66691E1DE2907200EEAE56 /* Release */ = {
			isa = XCBuildConfiguration;
			buildSettings = {
				ALWAYS_SEARCH_USER_PATHS = NO;
				CLANG_ANALYZER_NONNULL = YES;
				CLANG_CXX_LANGUAGE_STANDARD = "gnu++0x";
				CLANG_CXX_LIBRARY = "libc++";
				CLANG_ENABLE_MODULES = YES;
				CLANG_ENABLE_OBJC_ARC = YES;
				CLANG_WARN_BOOL_CONVERSION = YES;
				CLANG_WARN_CONSTANT_CONVERSION = YES;
				CLANG_WARN_DIRECT_OBJC_ISA_USAGE = YES_ERROR;
				CLANG_WARN_DOCUMENTATION_COMMENTS = YES;
				CLANG_WARN_EMPTY_BODY = YES;
				CLANG_WARN_ENUM_CONVERSION = YES;
				CLANG_WARN_INFINITE_RECURSION = YES;
				CLANG_WARN_INT_CONVERSION = YES;
				CLANG_WARN_OBJC_ROOT_CLASS = YES_ERROR;
				CLANG_WARN_SUSPICIOUS_MOVES = YES;
				CLANG_WARN_UNREACHABLE_CODE = YES;
				CLANG_WARN__DUPLICATE_METHOD_MATCH = YES;
				"CODE_SIGN_IDENTITY[sdk=iphoneos*]" = "iPhone Developer";
				COPY_PHASE_STRIP = NO;
				DEBUG_INFORMATION_FORMAT = "dwarf-with-dsym";
				ENABLE_NS_ASSERTIONS = NO;
				ENABLE_STRICT_OBJC_MSGSEND = YES;
				GCC_C_LANGUAGE_STANDARD = gnu99;
				GCC_NO_COMMON_BLOCKS = YES;
				GCC_WARN_64_TO_32_BIT_CONVERSION = YES;
				GCC_WARN_ABOUT_RETURN_TYPE = YES_ERROR;
				GCC_WARN_UNDECLARED_SELECTOR = YES;
				GCC_WARN_UNINITIALIZED_AUTOS = YES_AGGRESSIVE;
				GCC_WARN_UNUSED_FUNCTION = YES;
				GCC_WARN_UNUSED_VARIABLE = YES;
				IPHONEOS_DEPLOYMENT_TARGET = 10.0;
				MTL_ENABLE_DEBUG_INFO = NO;
				SDKROOT = iphoneos;
				SWIFT_OPTIMIZATION_LEVEL = "-Owholemodule";
				TARGETED_DEVICE_FAMILY = "1,2";
				VALIDATE_PRODUCT = YES;
			};
			name = Release;
		};
		FB6669201DE2907200EEAE56 /* Debug */ = {
			isa = XCBuildConfiguration;
			buildSettings = {
				ASSETCATALOG_COMPILER_APPICON_NAME = AppIcon;
				INFOPLIST_FILE = Homepwner2/Info.plist;
				LD_RUNPATH_SEARCH_PATHS = "$(inherited) @executable_path/Frameworks";
				PRODUCT_BUNDLE_IDENTIFIER = jjlee1998.Homepwner2;
				PRODUCT_NAME = "$(TARGET_NAME)";
				SWIFT_VERSION = 3.0;
			};
			name = Debug;
		};
		FB6669211DE2907200EEAE56 /* Release */ = {
			isa = XCBuildConfiguration;
			buildSettings = {
				ASSETCATALOG_COMPILER_APPICON_NAME = AppIcon;
				INFOPLIST_FILE = Homepwner2/Info.plist;
				LD_RUNPATH_SEARCH_PATHS = "$(inherited) @executable_path/Frameworks";
				PRODUCT_BUNDLE_IDENTIFIER = jjlee1998.Homepwner2;
				PRODUCT_NAME = "$(TARGET_NAME)";
				SWIFT_VERSION = 3.0;
			};
			name = Release;
		};
/* End XCBuildConfiguration section */

/* Begin XCConfigurationList section */
		FB6669081DE2907200EEAE56 /* Build configuration list for PBXProject "Homepwner2" */ = {
			isa = XCConfigurationList;
			buildConfigurations = (
				FB66691D1DE2907200EEAE56 /* Debug */,
				FB66691E1DE2907200EEAE56 /* Release */,
			);
			defaultConfigurationIsVisible = 0;
			defaultConfigurationName = Release;
		};
		FB66691F1DE2907200EEAE56 /* Build configuration list for PBXNativeTarget "Homepwner2" */ = {
			isa = XCConfigurationList;
			buildConfigurations = (
				FB6669201DE2907200EEAE56 /* Debug */,
				FB6669211DE2907200EEAE56 /* Release */,
			);
			defaultConfigurationIsVisible = 0;
		};
/* End XCConfigurationList section */
	};
	rootObject = FB6669051DE2907200EEAE56 /* Project object */;
}
